
Microsoft Visual Studio Solution File, Format Version 12.00
# Visual Studio 15
VisualStudioVersion = 15.0.28010.2046
MinimumVisualStudioVersion = 10.0.40219.1
Project("{FAE04EC0-301F-11D3-BF4B-00C04F79EFBC}") = "AlgorithmesAstronomiques", "AlgorithmesAstronomiques\AlgorithmesAstronomiques.csproj", "{723D96DB-1D92-4958-9A39-9F031A54FE49}"
EndProject
Global
	GlobalSection(SolutionConfigurationPlatforms) = preSolution
		Debug|Any CPU = Debug|Any CPU
		Release|Any CPU = Release|Any CPU
	EndGlobalSection
	GlobalSection(ProjectConfigurationPlatforms) = postSolution
		{723D96DB-1D92-4958-9A39-9F031A54FE49}.Debug|Any CPU.ActiveCfg = Debug|Any CPU
		{723D96DB-1D92-4958-9A39-9F031A54FE49}.Debug|Any CPU.Build.0 = Debug|Any CPU
		{723D96DB-1D92-4958-9A39-9F031A54FE49}.Release|Any CPU.ActiveCfg = Release|Any CPU
		{723D96DB-1D92-4958-9A39-9F031A54FE49}.Release|Any CPU.Build.0 = Release|Any CPU
	EndGlobalSection
	GlobalSection(SolutionProperties) = preSolution
		HideSolutionNode = FALSE
	EndGlobalSection
	GlobalSection(ExtensibilityGlobals) = postSolution
		SolutionGuid = {FEC3B1B5-B16A-4493-8AA8-64F635B950CB}
	EndGlobalSection
EndGlobal
